PODS:
  - MapboxAccounts (2.2.0)
  - MapboxNavigationNative (6.2.1)
  - MapboxSpeech (0.3.0)
  - Polyline (4.2.1)
  - Solar (2.1.0)
  - Turf (0.3.0)
  - VietMaps (1.0.0):
    - VietMapsMobileEvents (= 0.1.0)
  - VietMapsCoreNavigation (1.0.0):
    - MapboxAccounts (~> 2.2.0)
    - MapboxNavigationNative (~> 6.2.1)
    - Turf (~> 0.3.0)
    - VietMapsDirections (~> 1.0.0)
    - VietMapsMobileEvents (~> 0.1.0)
  - VietMapsDirections (1.0.0):
    - Polyline (~> 4.2)
    - Turf (~> 0.3)
  - VietMapsGeocoder (1.0.0)
  - VietMapsMobileEvents (0.1.0)
  - VietMapsNavigation (1.0.1):
    - MapboxSpeech (~> 0.3.0)
    - Solar (~> 2.1)
    - VietMaps (~> 1.0.0)
    - VietMapsCoreNavigation (= 1.0.0)
    - VietMapsGeocoder (~> 1.0.0)

DEPENDENCIES:
  - VietMapsNavigation (~> 1.0.1)

SPEC REPOS:
  trunk:
    - MapboxAccounts
    - MapboxNavigationNative
    - MapboxSpeech
    - Polyline
    - Solar
    - Turf
    - VietMaps
    - VietMapsCoreNavigation
    - VietMapsDirections
    - VietMapsGeocoder
    - VietMapsMobileEvents
    - VietMapsNavigation

SPEC CHECKSUMS:
  MapboxAccounts: 3c04a1df56c1ac4ff714619296fb47310cf70ad0
  MapboxNavigationNative: 11dc22140f4698d3f26989f2b6379dc81ef0d4c1
  MapboxSpeech: 403415e932e084cf290b9d55c49ab7ea210b9595
  Polyline: 0e9890790292741c8186201a536b6bb6a78d02dd
  Solar: 2dc6e7cc39186cb0c8228fa08df76fb50c7d8f24
  Turf: c6bdf62d6a70c647874f295dd1cf4eefc0c3e9e6
  VietMaps: 54b607cc4836f1d34ce4270e16166d1e710db1cc
  VietMapsCoreNavigation: f5a675d287d3d77cc62eae581602c45a6595b453
  VietMapsDirections: a6f4bfd0ad6f12d8be0d5eeb61728301e67f6c80
  VietMapsGeocoder: ed11f04f6336d7976eeb6b5acaedb6e94e3c690e
  VietMapsMobileEvents: 346f002271cfbbbb3766258aa303f1a21c39f3db
  VietMapsNavigation: 94aad26a26480066a9b76fb622672e9c3e9b47d8

PODFILE CHECKSUM: 69dfb3353450a5fe79533c1b4f87bd949eb9236a

COCOAPODS: 1.9.1
